
Microsoft Visual Studio Solution File, Format Version 12.00
# Visual Studio 15
VisualStudioVersion = 15.0.26430.6
MinimumVisualStudioVersion = 10.0.40219.1
Project("{2150E333-8FDC-42A3-9474-1A3956D46DE8}") = "Solution Items", "Solution Items", "{A335ABED-7928-4B3C-820A-E6458ACEADB5}"
EndProject
Project("{F5034706-568F-408A-B7B3-4D38C6DB8A32}") = "PowerShell", "PowerShell\PowerShell.pssproj", "{58F99C95-ABD2-4851-8816-E8BA0CB2EE55}"
EndProject
Global
	GlobalSection(SolutionConfigurationPlatforms) = preSolution
		Debug|Any CPU = Debug|Any CPU
		Release|Any CPU = Release|Any CPU
	EndGlobalSection
	GlobalSection(ProjectConfigurationPlatforms) = postSolution
		{58F99C95-ABD2-4851-8816-E8BA0CB2EE55}.Debug|Any CPU.ActiveCfg = Debug|Any CPU
		{58F99C95-ABD2-4851-8816-E8BA0CB2EE55}.Debug|Any CPU.Build.0 = Debug|Any CPU
		{58F99C95-ABD2-4851-8816-E8BA0CB2EE55}.Release|Any CPU.ActiveCfg = Release|Any CPU
		{58F99C95-ABD2-4851-8816-E8BA0CB2EE55}.Release|Any CPU.Build.0 = Release|Any CPU
	EndGlobalSection
	GlobalSection(SolutionProperties) = preSolution
		HideSolutionNode = FALSE
	EndGlobalSection
EndGlobal
